
Microsoft Visual Studio Solution File, Format Version 12.00
# Visual Studio Version 16
VisualStudioVersion = 16.0.30128.74
MinimumVisualStudioVersion = 10.0.40219.1
Project("{9A19103F-16F7-4668-BE54-9A1E7A4F7556}") = "DigitalNomads", "DigitalNomads\DigitalNomads.csproj", "{569673A6-8E47-47C7-BE2F-4771F5BF05CD}"
EndProject
Global
	GlobalSection(SolutionConfigurationPlatforms) = preSolution
		Debug|Any CPU = Debug|Any CPU
		Release|Any CPU = Release|Any CPU
	EndGlobalSection
	GlobalSection(ProjectConfigurationPlatforms) = postSolution
		{569673A6-8E47-47C7-BE2F-4771F5BF05CD}.Debug|Any CPU.ActiveCfg = Debug|Any CPU
		{569673A6-8E47-47C7-BE2F-4771F5BF05CD}.Debug|Any CPU.Build.0 = Debug|Any CPU
		{569673A6-8E47-47C7-BE2F-4771F5BF05CD}.Release|Any CPU.ActiveCfg = Release|Any CPU
		{569673A6-8E47-47C7-BE2F-4771F5BF05CD}.Release|Any CPU.Build.0 = Release|Any CPU
	EndGlobalSection
	GlobalSection(SolutionProperties) = preSolution
		HideSolutionNode = FALSE
	EndGlobalSection
	GlobalSection(ExtensibilityGlobals) = postSolution
		SolutionGuid = {1082022A-F296-41CD-A6F9-0268893E7C3E}
	EndGlobalSection
EndGlobal
